
Microsoft Visual Studio Solution File, Format Version 12.00
# Visual Studio Version 17
VisualStudioVersion = 17.7.34031.279
MinimumVisualStudioVersion = 10.0.40219.1
Project("{FAE04EC0-301F-11D3-BF4B-00C04F79EFBC}") = "ImageProcessing1", "ImageProcessing1\ImageProcessing1.csproj", "{0F99F721-557F-4058-B62C-1E14010F0FA8}"
EndProject
Global
	GlobalSection(SolutionConfigurationPlatforms) = preSolution
		Debug|Any CPU = Debug|Any CPU
		Release|Any CPU = Release|Any CPU
	EndGlobalSection
	GlobalSection(ProjectConfigurationPlatforms) = postSolution
		{0F99F721-557F-4058-B62C-1E14010F0FA8}.Debug|Any CPU.ActiveCfg = Debug|Any CPU
		{0F99F721-557F-4058-B62C-1E14010F0FA8}.Debug|Any CPU.Build.0 = Debug|Any CPU
		{0F99F721-557F-4058-B62C-1E14010F0FA8}.Release|Any CPU.ActiveCfg = Release|Any CPU
		{0F99F721-557F-4058-B62C-1E14010F0FA8}.Release|Any CPU.Build.0 = Release|Any CPU
	EndGlobalSection
	GlobalSection(SolutionProperties) = preSolution
		HideSolutionNode = FALSE
	EndGlobalSection
	GlobalSection(ExtensibilityGlobals) = postSolution
		SolutionGuid = {843FBA34-8EEA-4AD2-9AF0-2ECC3FD3CF0F}
	EndGlobalSection
EndGlobal
